// !$*UTF8*$!
{
	archiveVersion = 1;
	classes = {
	};
	objectVersion = 110;
	objects = {

/* Begin PBXContainerItemProxy section */
		A26C7D4F305F04410009358C /* PBXContainerItemProxy */ = {
			isa = PBXContainerItemProxy;
			containerPortal = A2AB2602305C421000FC45E2 /* Project object */;
			proxyType = 1;
			remoteGlobalIDString = A2AB2609305C421000FC45E2;
			remoteInfo = SwiftSparkyFitness;
		};
/* End PBXContainerItemProxy section */

/* Begin PBXFileReference section */
		A26C7D4B305F04410009358C /* SwiftSparkyFitnessTests.xctest */ = {isa = PBXFileReference; explicitFileType = wrapper.cfbundle; includeInIndex = 0; path = SwiftSparkyFitnessTests.xctest; sourceTree = BUILT_PRODUCTS_DIR; };
		A2AB260A305C421000FC45E2 /* SwiftSparkyFitness.app */ = {isa = PBXFileReference; explicitFileType = wrapper.application; includeInIndex = 0; path = SwiftSparkyFitness.app; sourceTree = BUILT_PRODUCTS_DIR; };
/* End PBXFileReference section */

/* Begin PBXFileSystemSynchronizedBuildFileExceptionSet section */
		A2C54116305C477300E4EABA /* Exceptions for "SwiftSparkyFitness" folder in "SwiftSparkyFitness" target */ = {
			isa = PBXFileSystemSynchronizedBuildFileExceptionSet;
			membershipExceptions = (
				Info.plist,
			);
			target = A2AB2609305C421000FC45E2 /* SwiftSparkyFitness */;
		};
/* End PBXFileSystemSynchronizedBuildFileExceptionSet section */

/* Begin PBXFileSystemSynchronizedRootGroup section */
		A26C7D4C305F04410009358C /* SwiftSparkyFitnessTests */ = {
			isa = PBXFileSystemSynchronizedRootGroup;
			path = SwiftSparkyFitnessTests;
			sourceTree = "<group>";
		};
		A2AB260C305C421000FC45E2 /* SwiftSparkyFitness */ = {
			isa = PBXFileSystemSynchronizedRootGroup;
			exceptions = (
				A2C54116305C477300E4EABA /* Exceptions for "SwiftSparkyFitness" folder in "SwiftSparkyFitness" target */,
			);
			path = SwiftSparkyFitness;
			sourceTree = "<group>";
		};
/* End PBXFileSystemSynchronizedRootGroup section */

/* Begin PBXFrameworksBuildPhase section */
		A26C7D48305F04410009358C /* Frameworks */ = {
			isa = PBXFrameworksBuildPhase;
			files = (
			);
		};
		A2AB2607305C421000FC45E2 /* Frameworks */ = {
			isa = PBXFrameworksBuildPhase;
			files = (
			);
		};
/* End PBXFrameworksBuildPhase section */

/* Begin PBXGroup section */
		A2AB2601305C421000FC45E2 = {
			isa = PBXGroup;
			children = (
				A2AB260C305C421000FC45E2 /* SwiftSparkyFitness */,
				A26C7D4C305F04410009358C /* SwiftSparkyFitnessTests */,
				A2AB260B305C421000FC45E2 /* Products */,
			);
			sourceTree = "<group>";
		};
		A2AB260B305C421000FC45E2 /* Products */ = {
			isa = PBXGroup;
			children = (
				A2AB260A305C421000FC45E2 /* SwiftSparkyFitness.app */,
				A26C7D4B305F04410009358C /* SwiftSparkyFitnessTests.xctest */,
			);
			name = Products;
			sourceTree = "<group>";
		};
/* End PBXGroup section */

/* Begin PBXNativeTarget section */
		A26C7D4A305F04410009358C /* SwiftSparkyFitnessTests */ = {
			isa = PBXNativeTarget;
			buildConfigurationList = A26C7D51305F04410009358C /* Build configuration list for PBXNativeTarget "SwiftSparkyFitnessTests" */;
			buildPhases = (
				A26C7D47305F04410009358C /* Sources */,
				A26C7D48305F04410009358C /* Frameworks */,
				A26C7D49305F04410009358C /* Resources */,
			);
			buildRules = (
			);
			dependencies = (
				A26C7D50305F04410009358C /* PBXTargetDependency */,
			);
			fileSystemSynchronizedGroups = (
				A26C7D4C305F04410009358C /* SwiftSparkyFitnessTests */,
			);
			name = SwiftSparkyFitnessTests;
			productName = SwiftSparkyFitnessTests;
			productReference = A26C7D4B305F04410009358C /* SwiftSparkyFitnessTests.xctest */;
			productType = "com.apple.product-type.bundle.unit-test";
		};
		A2AB2609305C421000FC45E2 /* SwiftSparkyFitness */ = {
			isa = PBXNativeTarget;
			buildConfigurationList = A2AB2615305C421200FC45E2 /* Build configuration list for PBXNativeTarget "SwiftSparkyFitness" */;
			buildPhases = (
				A2AB2606305C421000FC45E2 /* Sources */,
				A2AB2607305C421000FC45E2 /* Frameworks */,
				A2AB2608305C421000FC45E2 /* Resources */,
			);
			buildRules = (
			);
			fileSystemSynchronizedGroups = (
				A2AB260C305C421000FC45E2 /* SwiftSparkyFitness */,
			);
			name = SwiftSparkyFitness;
			productName = SwiftSparkyFitness;
			productReference = A2AB260A305C421000FC45E2 /* SwiftSparkyFitness.app */;
			productType = "com.apple.product-type.application";
		};
/* End PBXNativeTarget section */

/* Begin PBXProject section */
		A2AB2602305C421000FC45E2 /* Project object */ = {
			isa = PBXProject;
			attributes = {
				BuildIndependentTargetsInParallel = 1;
				LastSwiftUpdateCheck = 2700;
				LastUpgradeCheck = 2700;
				TargetAttributes = {
					A26C7D4A305F04410009358C = {
						CreatedOnToolsVersion = 27.0;
						TestTargetID = A2AB2609305C421000FC45E2;
					};
					A2AB2609305C421000FC45E2 = {
						CreatedOnToolsVersion = 27.0;
					};
				};
			};
			buildConfigurationList = A2AB2605305C421000FC45E2 /* Build configuration list for PBXProject "SwiftSparkyFitness" */;
			developmentRegion = en;
			hasScannedForEncodings = 0;
			knownRegions = (
				en,
				Base,
			);
			mainGroup = A2AB2601305C421000FC45E2;
			minimizedProjectReferenceProxies = 1;
			preferredProjectObjectVersion = 77;
			productRefGroup = A2AB260B305C421000FC45E2 /* Products */;
			projectDirPath = "";
			projectRoot = "";
			targets = (
				A2AB2609305C421000FC45E2 /* SwiftSparkyFitness */,
				A26C7D4A305F04410009358C /* SwiftSparkyFitnessTests */,
			);
		};
/* End PBXProject section */

/* Begin PBXResourcesBuildPhase section */
		A26C7D49305F04410009358C /* Resources */ = {
			isa = PBXResourcesBuildPhase;
			files = (
			);
		};
		A2AB2608305C421000FC45E2 /* Resources */ = {
			isa = PBXResourcesBuildPhase;
			files = (
			);
		};
/* End PBXResourcesBuildPhase section */

/* Begin PBXSourcesBuildPhase section */
		A26C7D47305F04410009358C /* Sources */ = {
			isa = PBXSourcesBuildPhase;
			files = (
			);
		};
		A2AB2606305C421000FC45E2 /* Sources */ = {
			isa = PBXSourcesBuildPhase;
			files = (
			);
		};
/* End PBXSourcesBuildPhase section */

/* Begin PBXTargetDependency section */
		A26C7D50305F04410009358C /* PBXTargetDependency */ = {
			isa = PBXTargetDependency;
			target = A2AB2609305C421000FC45E2 /* SwiftSparkyFitness */;
			targetProxy = A26C7D4F305F04410009358C /* PBXContainerItemProxy */;
		};
/* End PBXTargetDependency section */

/* Begin XCBuildConfiguration section */
		A26C7D52305F04410009358C /* Debug configuration for PBXNativeTarget "SwiftSparkyFitnessTests" */ = {
			isa = XCBuildConfiguration;
			buildSettings = {
				BUNDLE_LOADER = "$(TEST_HOST)";
				CODE_SIGN_STYLE = Automatic;
				CURRENT_PROJECT_VERSION = 1;
				DEAD_CODE_STRIPPING = YES;
				GENERATE_INFOPLIST_FILE = YES;
				IPHONEOS_DEPLOYMENT_TARGET = 27.0;
				MACOSX_DEPLOYMENT_TARGET = 27.0;
				MARKETING_VERSION = 1.0;
				PRODUCT_BUNDLE_IDENTIFIER = drj.SwiftSparkyFitness.SwiftSparkyFitnessTests;
				PRODUCT_NAME = "$(TARGET_NAME)";
				SDKROOT = auto;
				STRING_CATALOG_GENERATE_SYMBOLS = NO;
				SUPPORTED_PLATFORMS = "iphoneos iphonesimulator macosx xros xrsimulator";
				SWIFT_APPROACHABLE_CONCURRENCY = YES;
				SWIFT_EMIT_LOC_STRINGS = NO;
				SWIFT_UPCOMING_FEATURE_MEMBER_IMPORT_VISIBILITY = YES;
				SWIFT_VERSION = 5.0;
				TARGETED_DEVICE_FAMILY = "1,2,7";
				TEST_HOST = "$(BUILT_PRODUCTS_DIR)/SwiftSparkyFitness.app/$(BUNDLE_EXECUTABLE_FOLDER_PATH)/SwiftSparkyFitness";
				XROS_DEPLOYMENT_TARGET = 27.0;
			};
			name = Debug;
		};
		A26C7D53305F04410009358C /* Release configuration for PBXNativeTarget "SwiftSparkyFitnessTests" */ = {
			isa = XCBuildConfiguration;
			buildSettings = {
				BUNDLE_LOADER = "$(TEST_HOST)";
				CODE_SIGN_STYLE = Automatic;
				CURRENT_PROJECT_VERSION = 1;
				DEAD_CODE_STRIPPING = YES;
				GENERATE_INFOPLIST_FILE = YES;
				IPHONEOS_DEPLOYMENT_TARGET = 27.0;
				MACOSX_DEPLOYMENT_TARGET = 27.0;
				MARKETING_VERSION = 1.0;
				PRODUCT_BUNDLE_IDENTIFIER = drj.SwiftSparkyFitness.SwiftSparkyFitnessTests;
				PRODUCT_NAME = "$(TARGET_NAME)";
				SDKROOT = auto;
				STRING_CATALOG_GENERATE_SYMBOLS = NO;
				SUPPORTED_PLATFORMS = "iphoneos iphonesimulator macosx xros xrsimulator";
				SWIFT_APPROACHABLE_CONCURRENCY = YES;
				SWIFT_EMIT_LOC_STRINGS = NO;
				SWIFT_UPCOMING_FEATURE_MEMBER_IMPORT_VISIBILITY = YES;
				SWIFT_VERSION = 5.0;
				TARGETED_DEVICE_FAMILY = "1,2,7";
				TEST_HOST = "$(BUILT_PRODUCTS_DIR)/SwiftSparkyFitness.app/$(BUNDLE_EXECUTABLE_FOLDER_PATH)/SwiftSparkyFitness";
				XROS_DEPLOYMENT_TARGET = 27.0;
			};
			name = Release;
		};
		A2AB2613305C421200FC45E2 /* Debug configuration for PBXProject "SwiftSparkyFitness" */ = {
			isa = XCBuildConfiguration;
			buildSettings = {
				ALWAYS_SEARCH_USER_PATHS = NO;
				ASSETCATALOG_COMPILER_GENERATE_SWIFT_ASSET_SYMBOL_EXTENSIONS = YES;
				CLANG_ANALYZER_NONNULL = YES;
				CLANG_ANALYZER_NUMBER_OBJECT_CONVERSION = YES_AGGRESSIVE;
				CLANG_CXX_LANGUAGE_STANDARD = "gnu++20";
				CLANG_ENABLE_MODULES = YES;
				CLANG_ENABLE_OBJC_ARC = YES;
				CLANG_ENABLE_OBJC_WEAK = YES;
				CLANG_WARN_BLOCK_CAPTURE_AUTORELEASING = YES;
				CLANG_WARN_BOOL_CONVERSION = YES;
				CLANG_WARN_COMMA = YES;
				CLANG_WARN_CONSTANT_CONVERSION = YES;
				CLANG_WARN_DEPRECATED_OBJC_IMPLEMENTATIONS = YES;
				CLANG_WARN_DIRECT_OBJC_ISA_USAGE = YES_ERROR;
				CLANG_WARN_DOCUMENTATION_COMMENTS = YES;
				CLANG_WARN_EMPTY_BODY = YES;
				CLANG_WARN_ENUM_CONVERSION = YES;
				CLANG_WARN_INFINITE_RECURSION = YES;
				CLANG_WARN_INT_CONVERSION = YES;
				CLANG_WARN_NON_LITERAL_NULL_CONVERSION = YES;
				CLANG_WARN_OBJC_IMPLICIT_RETAIN_SELF = YES;
				CLANG_WARN_OBJC_LITERAL_CONVERSION = YES;
				CLANG_WARN_OBJC_ROOT_CLASS = YES_ERROR;
				CLANG_WARN_QUOTED_INCLUDE_IN_FRAMEWORK_HEADER = YES;
				CLANG_WARN_RANGE_LOOP_ANALYSIS = YES;
				CLANG_WARN_STRICT_PROTOTYPES = YES;
				CLANG_WARN_SUSPICIOUS_MOVE = YES;
				CLANG_WARN_UNGUARDED_AVAILABILITY = YES_AGGRESSIVE;
				CLANG_WARN_UNREACHABLE_CODE = YES;
				CLANG_WARN__DUPLICATE_METHOD_MATCH = YES;
				COPY_PHASE_STRIP = NO;
				DEBUG_INFORMATION_FORMAT = dwarf;
				DEVELOPMENT_TEAM = K2TNWUC747;
				ENABLE_STRICT_OBJC_MSGSEND = YES;
				ENABLE_TESTABILITY = YES;
				ENABLE_USER_SCRIPT_SANDBOXING = YES;
				GCC_C_LANGUAGE_STANDARD = gnu17;
				GCC_DYNAMIC_NO_PIC = NO;
				GCC_NO_COMMON_BLOCKS = YES;
				GCC_OPTIMIZATION_LEVEL = 0;
				GCC_PREPROCESSOR_DEFINITIONS = (
					"DEBUG=1",
					"$(inherited)",
				);
				GCC_WARN_64_TO_32_BIT_CONVERSION = YES;
				GCC_WARN_ABOUT_RETURN_TYPE = YES_ERROR;
				GCC_WARN_UNDECLARED_SELECTOR = YES;
				GCC_WARN_UNINITIALIZED_AUTOS = YES_AGGRESSIVE;
				GCC_WARN_UNUSED_FUNCTION = YES;
				GCC_WARN_UNUSED_VARIABLE = YES;
				IPHONEOS_DEPLOYMENT_TARGET = 27.0;
				LOCALIZATION_PREFERS_STRING_CATALOGS = YES;
				MTL_ENABLE_DEBUG_INFO = INCLUDE_SOURCE;
				MTL_FAST_MATH = YES;
				ONLY_ACTIVE_ARCH = YES;
				SDKROOT = iphoneos;
				STRING_CATALOG_GENERATE_SYMBOLS = YES;
				SWIFT_ACTIVE_COMPILATION_CONDITIONS = "DEBUG $(inherited)";
				SWIFT_OPTIMIZATION_LEVEL = "-Onone";
			};
			name = Debug;
		};
		A2AB2614305C421200FC45E2 /* Release configuration for PBXProject "SwiftSparkyFitness" */ = {
			isa = XCBuildConfiguration;
			buildSettings = {
				ALWAYS_SEARCH_USER_PATHS = NO;
				ASSETCATALOG_COMPILER_GENERATE_SWIFT_ASSET_SYMBOL_EXTENSIONS = YES;
				CLANG_ANALYZER_NONNULL = YES;
				CLANG_ANALYZER_NUMBER_OBJECT_CONVERSION = YES_AGGRESSIVE;
				CLANG_CXX_LANGUAGE_STANDARD = "gnu++20";
				CLANG_ENABLE_MODULES = YES;
				CLANG_ENABLE_OBJC_ARC = YES;
				CLANG_ENABLE_OBJC_WEAK = YES;
				CLANG_WARN_BLOCK_CAPTURE_AUTORELEASING = YES;
				CLANG_WARN_BOOL_CONVERSION = YES;
				CLANG_WARN_COMMA = YES;
				CLANG_WARN_CONSTANT_CONVERSION = YES;
				CLANG_WARN_DEPRECATED_OBJC_IMPLEMENTATIONS = YES;
				CLANG_WARN_DIRECT_OBJC_ISA_USAGE = YES_ERROR;
				CLANG_WARN_DOCUMENTATION_COMMENTS = YES;
				CLANG_WARN_EMPTY_BODY = YES;
				CLANG_WARN_ENUM_CONVERSION = YES;
				CLANG_WARN_INFINITE_RECURSION = YES;
				CLANG_WARN_INT_CONVERSION = YES;
				CLANG_WARN_NON_LITERAL_NULL_CONVERSION = YES;
				CLANG_WARN_OBJC_IMPLICIT_RETAIN_SELF = YES;
				CLANG_WARN_OBJC_LITERAL_CONVERSION = YES;
				CLANG_WARN_OBJC_ROOT_CLASS = YES_ERROR;
				CLANG_WARN_QUOTED_INCLUDE_IN_FRAMEWORK_HEADER = YES;
				CLANG_WARN_RANGE_LOOP_ANALYSIS = YES;
				CLANG_WARN_STRICT_PROTOTYPES = YES;
				CLANG_WARN_SUSPICIOUS_MOVE = YES;
				CLANG_WARN_UNGUARDED_AVAILABILITY = YES_AGGRESSIVE;
				CLANG_WARN_UNREACHABLE_CODE = YES;
				CLANG_WARN__DUPLICATE_METHOD_MATCH = YES;
				COPY_PHASE_STRIP = NO;
				DEBUG_INFORMATION_FORMAT = "dwarf-with-dsym";
				DEVELOPMENT_TEAM = K2TNWUC747;
				ENABLE_NS_ASSERTIONS = NO;
				ENABLE_STRICT_OBJC_MSGSEND = YES;
				ENABLE_USER_SCRIPT_SANDBOXING = YES;
				GCC_C_LANGUAGE_STANDARD = gnu17;
				GCC_NO_COMMON_BLOCKS = YES;
				GCC_WARN_64_TO_32_BIT_CONVERSION = YES;
				GCC_WARN_ABOUT_RETURN_TYPE = YES_ERROR;
				GCC_WARN_UNDECLARED_SELECTOR = YES;
				GCC_WARN_UNINITIALIZED_AUTOS = YES_AGGRESSIVE;
				GCC_WARN_UNUSED_FUNCTION = YES;
				GCC_WARN_UNUSED_VARIABLE = YES;
				IPHONEOS_DEPLOYMENT_TARGET = 27.0;
				LOCALIZATION_PREFERS_STRING_CATALOGS = YES;
				MTL_ENABLE_DEBUG_INFO = NO;
				MTL_FAST_MATH = YES;
				SDKROOT = iphoneos;
				STRING_CATALOG_GENERATE_SYMBOLS = YES;
				SWIFT_COMPILATION_MODE = wholemodule;
				VALIDATE_PRODUCT = YES;
			};
			name = Release;
		};
		A2AB2616305C421200FC45E2 /* Debug configuration for PBXNativeTarget "SwiftSparkyFitness" */ = {
			isa = XCBuildConfiguration;
			buildSettings = {
				ASSETCATALOG_COMPILER_APPICON_NAME = AppIcon;
				ASSETCATALOG_COMPILER_GLOBAL_ACCENT_COLOR_NAME = AccentColor;
				CODE_SIGN_STYLE = Automatic;
				CURRENT_PROJECT_VERSION = 1;
				DEVELOPMENT_TEAM = K2TNWUC747;
				ENABLE_PREVIEWS = YES;
				GENERATE_INFOPLIST_FILE = YES;
				INFOPLIST_FILE = SwiftSparkyFitness/Info.plist;
				INFOPLIST_KEY_NSLocalNetworkUsageDescription = "Used to connect to your self-hosted SparkyFitness server on your local network.";
				INFOPLIST_KEY_UIApplicationSceneManifest_Generation = YES;
				INFOPLIST_KEY_UIApplicationSupportsIndirectInputEvents = YES;
				INFOPLIST_KEY_UILaunchScreen_Generation = YES;
				INFOPLIST_KEY_UISupportedInterfaceOrientations_iPad = "UIInterfaceOrientationPortrait UIInterfaceOrientationPortraitUpsideDown UIInterfaceOrientationLandscapeLeft UIInterfaceOrientationLandscapeRight";
				INFOPLIST_KEY_UISupportedInterfaceOrientations_iPhone = "UIInterfaceOrientationPortrait UIInterfaceOrientationLandscapeLeft UIInterfaceOrientationLandscapeRight";
				LD_RUNPATH_SEARCH_PATHS = (
					"$(inherited)",
					"@executable_path/Frameworks",
				);
				MARKETING_VERSION = 1.0;
				PRODUCT_BUNDLE_IDENTIFIER = drj.SwiftSparkyFitness;
				PRODUCT_NAME = "$(TARGET_NAME)";
				STRING_CATALOG_GENERATE_SYMBOLS = YES;
				SWIFT_APPROACHABLE_CONCURRENCY = YES;
				SWIFT_DEFAULT_ACTOR_ISOLATION = MainActor;
				SWIFT_EMIT_LOC_STRINGS = YES;
				SWIFT_UPCOMING_FEATURE_MEMBER_IMPORT_VISIBILITY = YES;
				SWIFT_VERSION = 5.0;
				TARGETED_DEVICE_FAMILY = "1,2";
			};
			name = Debug;
		};
		A2AB2617305C421200FC45E2 /* Release configuration for PBXNativeTarget "SwiftSparkyFitness" */ = {
			isa = XCBuildConfiguration;
			buildSettings = {
				ASSETCATALOG_COMPILER_APPICON_NAME = AppIcon;
				ASSETCATALOG_COMPILER_GLOBAL_ACCENT_COLOR_NAME = AccentColor;
				CODE_SIGN_STYLE = Automatic;
				CURRENT_PROJECT_VERSION = 1;
				DEVELOPMENT_TEAM = K2TNWUC747;
				ENABLE_PREVIEWS = YES;
				GENERATE_INFOPLIST_FILE = YES;
				INFOPLIST_FILE = SwiftSparkyFitness/Info.plist;
				INFOPLIST_KEY_NSLocalNetworkUsageDescription = "Used to connect to your self-hosted SparkyFitness server on your local network.";
				INFOPLIST_KEY_UIApplicationSceneManifest_Generation = YES;
				INFOPLIST_KEY_UIApplicationSupportsIndirectInputEvents = YES;
				INFOPLIST_KEY_UILaunchScreen_Generation = YES;
				INFOPLIST_KEY_UISupportedInterfaceOrientations_iPad = "UIInterfaceOrientationPortrait UIInterfaceOrientationPortraitUpsideDown UIInterfaceOrientationLandscapeLeft UIInterfaceOrientationLandscapeRight";
				INFOPLIST_KEY_UISupportedInterfaceOrientations_iPhone = "UIInterfaceOrientationPortrait UIInterfaceOrientationLandscapeLeft UIInterfaceOrientationLandscapeRight";
				LD_RUNPATH_SEARCH_PATHS = (
					"$(inherited)",
					"@executable_path/Frameworks",
				);
				MARKETING_VERSION = 1.0;
				PRODUCT_BUNDLE_IDENTIFIER = drj.SwiftSparkyFitness;
				PRODUCT_NAME = "$(TARGET_NAME)";
				STRING_CATALOG_GENERATE_SYMBOLS = YES;
				SWIFT_APPROACHABLE_CONCURRENCY = YES;
				SWIFT_DEFAULT_ACTOR_ISOLATION = MainActor;
				SWIFT_EMIT_LOC_STRINGS = YES;
				SWIFT_UPCOMING_FEATURE_MEMBER_IMPORT_VISIBILITY = YES;
				SWIFT_VERSION = 5.0;
				TARGETED_DEVICE_FAMILY = "1,2";
			};
			name = Release;
		};
/* End XCBuildConfiguration section */

/* Begin XCConfigurationList section */
		A26C7D51305F04410009358C /* Build configuration list for PBXNativeTarget "SwiftSparkyFitnessTests" */ = {
			isa = XCConfigurationList;
			buildConfigurations = (
				A26C7D52305F04410009358C /* Debug configuration for PBXNativeTarget "SwiftSparkyFitnessTests" */,
				A26C7D53305F04410009358C /* Release configuration for PBXNativeTarget "SwiftSparkyFitnessTests" */,
			);
			defaultConfigurationName = Release;
		};
		A2AB2605305C421000FC45E2 /* Build configuration list for PBXProject "SwiftSparkyFitness" */ = {
			isa = XCConfigurationList;
			buildConfigurations = (
				A2AB2613305C421200FC45E2 /* Debug configuration for PBXProject "SwiftSparkyFitness" */,
				A2AB2614305C421200FC45E2 /* Release configuration for PBXProject "SwiftSparkyFitness" */,
			);
			defaultConfigurationName = Release;
		};
		A2AB2615305C421200FC45E2 /* Build configuration list for PBXNativeTarget "SwiftSparkyFitness" */ = {
			isa = XCConfigurationList;
			buildConfigurations = (
				A2AB2616305C421200FC45E2 /* Debug configuration for PBXNativeTarget "SwiftSparkyFitness" */,
				A2AB2617305C421200FC45E2 /* Release configuration for PBXNativeTarget "SwiftSparkyFitness" */,
			);
			defaultConfigurationName = Release;
		};
/* End XCConfigurationList section */
	};
	rootObject = A2AB2602305C421000FC45E2 /* Project object */;
	validationLevel = 1;
}
